
Microsoft Visual Studio Solution File, Format Version 11.00
# Visual Studio 2010
Project("{FAE04EC0-301F-11D3-BF4B-00C04F79EFBC}") = "UnityEngine.TestRunner", "UnityEngine.TestRunner.csproj", "{9710d6e0-1be6-9bd9-0242-f0dcecf2c3ae}"
EndProject
Project("{FAE04EC0-301F-11D3-BF4B-00C04F79EFBC}") = "UnityEngine.UI", "UnityEngine.UI.csproj", "{b0bd6258-f10b-4724-9054-20b26d7047d3}"
EndProject
Project("{FAE04EC0-301F-11D3-BF4B-00C04F79EFBC}") = "Unity.VisualScripting.Flow", "Unity.VisualScripting.Flow.csproj", "{cad333ea-dd7f-09bd-c6a9-4c0e43b70e69}"
EndProject
Project("{FAE04EC0-301F-11D3-BF4B-00C04F79EFBC}") = "Unity.Services.Core.Telemetry", "Unity.Services.Core.Telemetry.csproj", "{101cfdf9-bec3-540a-a2a4-97ed8bfd5633}"
EndProject
Project("{FAE04EC0-301F-11D3-BF4B-00C04F79EFBC}") = "Unity.VisualScripting.State", "Unity.VisualScripting.State.csproj", "{caff7111-68f9-3a1b-8f67-b8cc26db5ea3}"
EndProject
Project("{FAE04EC0-301F-11D3-BF4B-00C04F79EFBC}") = "Unity.VisualScripting.Core", "Unity.VisualScripting.Core.csproj", "{5b15f3fa-2a19-4812-064c-991fa38fe1ab}"
EndProject
Project("{FAE04EC0-301F-11D3-BF4B-00C04F79EFBC}") = "Unity.Services.Core.Environments.Internal", "Unity.Services.Core.Environments.Internal.csproj", "{3f4fff16-e089-ee96-0947-23f67b7a9dbe}"
EndProject
Project("{FAE04EC0-301F-11D3-BF4B-00C04F79EFBC}") = "Unity.TextMeshPro", "Unity.TextMeshPro.csproj", "{d7a4e010-a7aa-d3cd-afd8-394c667a1adb}"
EndProject
Project("{FAE04EC0-301F-11D3-BF4B-00C04F79EFBC}") = "Unity.Timeline", "Unity.Timeline.csproj", "{6e942855-05ef-f3aa-264a-7cfd19b413dc}"
EndProject
Project("{FAE04EC0-301F-11D3-BF4B-00C04F79EFBC}") = "Unity.Services.Core", "Unity.Services.Core.csproj", "{fa5a819a-607a-7c46-09c3-e5dba04ac7b7}"
EndProject
Project("{FAE04EC0-301F-11D3-BF4B-00C04F79EFBC}") = "Unity.Services.Core.Environments", "Unity.Services.Core.Environments.csproj", "{d18ad4e2-e548-0f65-92cb-28b80161c03b}"
EndProject
Project("{FAE04EC0-301F-11D3-BF4B-00C04F79EFBC}") = "Unity.Services.Core.Internal", "Unity.Services.Core.Internal.csproj", "{da8ac1a6-fe3b-a993-a925-c5dd9f454e02}"
EndProject
Project("{FAE04EC0-301F-11D3-BF4B-00C04F79EFBC}") = "Unity.Services.Core.Analytics", "Unity.Services.Core.Analytics.csproj", "{db799d36-329e-f609-27bd-0c02c847664b}"
EndProject
Project("{FAE04EC0-301F-11D3-BF4B-00C04F79EFBC}") = "Unity.Services.Core.Scheduler", "Unity.Services.Core.Scheduler.csproj", "{44ce7bee-acb5-302a-37b2-56f913074a25}"
EndProject
Project("{FAE04EC0-301F-11D3-BF4B-00C04F79EFBC}") = "Unity.Services.Core.Registration", "Unity.Services.Core.Registration.csproj", "{17e8852a-9d1e-e9b2-980d-a7045e3eea60}"
EndProject
Project("{FAE04EC0-301F-11D3-BF4B-00C04F79EFBC}") = "Unity.Services.Core.Device", "Unity.Services.Core.Device.csproj", "{cc94ffe7-c79f-75e1-6cd3-85612251e4b8}"
EndProject
Project("{FAE04EC0-301F-11D3-BF4B-00C04F79EFBC}") = "Unity.Services.Core.Threading", "Unity.Services.Core.Threading.csproj", "{dde5cc38-8ef2-b1ca-c397-45e4c6fecdb0}"
EndProject
Project("{FAE04EC0-301F-11D3-BF4B-00C04F79EFBC}") = "Unity.Services.Core.Networking", "Unity.Services.Core.Networking.csproj", "{5abc9822-f6a4-5ea3-4eff-ab97c6044155}"
EndProject
Project("{FAE04EC0-301F-11D3-BF4B-00C04F79EFBC}") = "Unity.Services.Core.Configuration", "Unity.Services.Core.Configuration.csproj", "{bd4094ba-f137-86b8-b7ba-e445ea0cc3e7}"
EndProject
Project("{FAE04EC0-301F-11D3-BF4B-00C04F79EFBC}") = "Assembly-CSharp", "Assembly-CSharp.csproj", "{db64c909-eaab-7eaa-cbe7-075c7ee024e7}"
EndProject
Project("{FAE04EC0-301F-11D3-BF4B-00C04F79EFBC}") = "Unity.PlasticSCM.Editor", "Unity.PlasticSCM.Editor.csproj", "{1a26dd8e-1f0f-5e9d-73ff-1475c4011312}"
EndProject
Project("{FAE04EC0-301F-11D3-BF4B-00C04F79EFBC}") = "Unity.VisualScripting.Core.Editor", "Unity.VisualScripting.Core.Editor.csproj", "{b102b4e3-39b0-57aa-abe9-1120d05e2bfe}"
EndProject
Project("{FAE04EC0-301F-11D3-BF4B-00C04F79EFBC}") = "Unity.VisualScripting.Flow.Editor", "Unity.VisualScripting.Flow.Editor.csproj", "{1ac5724d-f124-8e03-977a-c8813916dece}"
EndProject
Project("{FAE04EC0-301F-11D3-BF4B-00C04F79EFBC}") = "Unity.VisualStudio.Editor", "Unity.VisualStudio.Editor.csproj", "{283535f4-0e0e-33a2-a325-67defb80d39f}"
EndProject
Project("{FAE04EC0-301F-11D3-BF4B-00C04F79EFBC}") = "Unity.Timeline.Editor", "Unity.Timeline.Editor.csproj", "{8fa5ef8d-ef6b-ff76-b9a9-98ca0e7c48b2}"
EndProject
Project("{FAE04EC0-301F-11D3-BF4B-00C04F79EFBC}") = "Unity.VisualScripting.State.Editor", "Unity.VisualScripting.State.Editor.csproj", "{86bd3b2d-3c72-e54a-6cc5-81bdcb39f53e}"
EndProject
Project("{FAE04EC0-301F-11D3-BF4B-00C04F79EFBC}") = "Unity.TextMeshPro.Editor", "Unity.TextMeshPro.Editor.csproj", "{e4f171fd-9226-67f8-d61e-de4159d76ff3}"
EndProject
Project("{FAE04EC0-301F-11D3-BF4B-00C04F79EFBC}") = "Unity.VisualScripting.SettingsProvider.Editor", "Unity.VisualScripting.SettingsProvider.Editor.csproj", "{6d64a48f-16d1-a0a3-4494-6a1e5f3feda4}"
EndProject
Project("{FAE04EC0-301F-11D3-BF4B-00C04F79EFBC}") = "Unity.CollabProxy.Editor", "Unity.CollabProxy.Editor.csproj", "{014e022e-16cd-48b1-f2fb-031686e0c320}"
EndProject
Project("{FAE04EC0-301F-11D3-BF4B-00C04F79EFBC}") = "UnityEditor.TestRunner", "UnityEditor.TestRunner.csproj", "{dd6eaf9f-4fc6-14e0-fcba-3ea906965e2b}"
EndProject
Project("{FAE04EC0-301F-11D3-BF4B-00C04F79EFBC}") = "Unity.Services.Core.Editor", "Unity.Services.Core.Editor.csproj", "{6960eda9-10ea-f6d1-331a-880dae18e4be}"
EndProject
Project("{FAE04EC0-301F-11D3-BF4B-00C04F79EFBC}") = "Unity.TestTools.CodeCoverage.Editor", "Unity.TestTools.CodeCoverage.Editor.csproj", "{a7075cf8-7c4c-557c-f10d-499314822893}"
EndProject
Project("{FAE04EC0-301F-11D3-BF4B-00C04F79EFBC}") = "Unity.Rider.Editor", "Unity.Rider.Editor.csproj", "{cf75e61b-49c3-1a13-4efa-4038494c547b}"
EndProject
Project("{FAE04EC0-301F-11D3-BF4B-00C04F79EFBC}") = "Unity.Performance.Profile-Analyzer.Editor", "Unity.Performance.Profile-Analyzer.Editor.csproj", "{32aa6195-0532-231c-c9ca-41ab5fe6099d}"
EndProject
Project("{FAE04EC0-301F-11D3-BF4B-00C04F79EFBC}") = "Unity.VSCode.Editor", "Unity.VSCode.Editor.csproj", "{5cb2a86b-1984-c11e-29a1-a6d21413c79a}"
EndProject
Project("{FAE04EC0-301F-11D3-BF4B-00C04F79EFBC}") = "UnityEditor.UI", "UnityEditor.UI.csproj", "{1d9446cd-49c1-3499-bf82-f5b4e69af839}"
EndProject
Project("{FAE04EC0-301F-11D3-BF4B-00C04F79EFBC}") = "Unity.TestTools.CodeCoverage.Editor.OpenCover.Model", "Unity.TestTools.CodeCoverage.Editor.OpenCover.Model.csproj", "{a27821e4-57fd-4d5d-46ea-3b32817583d1}"
EndProject
Project("{FAE04EC0-301F-11D3-BF4B-00C04F79EFBC}") = "Unity.EditorCoroutines.Editor", "Unity.EditorCoroutines.Editor.csproj", "{8182557e-044a-c006-a726-77a58e662f86}"
EndProject
Project("{FAE04EC0-301F-11D3-BF4B-00C04F79EFBC}") = "Unity.Settings.Editor", "Unity.Settings.Editor.csproj", "{5bc52755-3084-1040-635f-b7c7720b5b3e}"
EndProject
Project("{FAE04EC0-301F-11D3-BF4B-00C04F79EFBC}") = "Unity.Services.Core.Configuration.Editor", "Unity.Services.Core.Configuration.Editor.csproj", "{5fb7cf01-bb55-a5f9-6ceb-0ef2d87e9d3c}"
EndProject
Project("{FAE04EC0-301F-11D3-BF4B-00C04F79EFBC}") = "Unity.TestTools.CodeCoverage.Editor.OpenCover.Mono.Reflection", "Unity.TestTools.CodeCoverage.Editor.OpenCover.Mono.Reflection.csproj", "{a3e8fb21-7262-6d21-550c-c1acfb214c10}"
EndProject
Project("{FAE04EC0-301F-11D3-BF4B-00C04F79EFBC}") = "Unity.VisualScripting.Shared.Editor", "Unity.VisualScripting.Shared.Editor.csproj", "{01518e14-8605-e4e4-b788-515601fd743d}"
EndProject
Project("{FAE04EC0-301F-11D3-BF4B-00C04F79EFBC}") = "UnityEngine.TestRunner", "UnityEngine.TestRunner.Player.csproj", "{27a48091-cfe1-890f-cc45-e4b658325136}"
EndProject
Project("{FAE04EC0-301F-11D3-BF4B-00C04F79EFBC}") = "UnityEngine.UI", "UnityEngine.UI.Player.csproj", "{14efb151-3cbf-322c-8fa6-5b6339453d7b}"
EndProject
Project("{FAE04EC0-301F-11D3-BF4B-00C04F79EFBC}") = "Unity.VisualScripting.Flow", "Unity.VisualScripting.Flow.Player.csproj", "{78ccbb05-0d54-b49d-637e-cdba6e0786ba}"
EndProject
Project("{FAE04EC0-301F-11D3-BF4B-00C04F79EFBC}") = "Unity.Services.Core.Telemetry", "Unity.Services.Core.Telemetry.Player.csproj", "{bdf6f75f-54ef-5299-2b03-370f06443234}"
EndProject
Project("{FAE04EC0-301F-11D3-BF4B-00C04F79EFBC}") = "Unity.VisualScripting.State", "Unity.VisualScripting.State.Player.csproj", "{99d57f0c-46d0-0523-aa2a-f94be80b27a6}"
EndProject
Project("{FAE04EC0-301F-11D3-BF4B-00C04F79EFBC}") = "Unity.VisualScripting.Core", "Unity.VisualScripting.Core.Player.csproj", "{4d65e816-dbb3-1c6d-ac0e-e84ab311aaff}"
EndProject
Project("{FAE04EC0-301F-11D3-BF4B-00C04F79EFBC}") = "Unity.Services.Core.Environments.Internal", "Unity.Services.Core.Environments.Internal.Player.csproj", "{24813358-86f2-eb19-f296-28acf0430f32}"
EndProject
Project("{FAE04EC0-301F-11D3-BF4B-00C04F79EFBC}") = "Unity.TextMeshPro", "Unity.TextMeshPro.Player.csproj", "{56670c82-436e-9f44-9894-8c585479187c}"
EndProject
Project("{FAE04EC0-301F-11D3-BF4B-00C04F79EFBC}") = "Unity.Timeline", "Unity.Timeline.Player.csproj", "{e0fc8c99-9498-1c18-48bf-eaf6a3211e5d}"
EndProject
Project("{FAE04EC0-301F-11D3-BF4B-00C04F79EFBC}") = "Unity.Services.Core", "Unity.Services.Core.Player.csproj", "{830ecf21-b809-f115-333f-de8ee7c43dcc}"
EndProject
Project("{FAE04EC0-301F-11D3-BF4B-00C04F79EFBC}") = "Unity.Services.Core.Environments", "Unity.Services.Core.Environments.Player.csproj", "{836a7e9c-e9a5-f50d-27b7-e73b149e3385}"
EndProject
Project("{FAE04EC0-301F-11D3-BF4B-00C04F79EFBC}") = "Unity.Services.Core.Internal", "Unity.Services.Core.Internal.Player.csproj", "{0f277ecf-efbc-23aa-0975-bea21fdc4abd}"
EndProject
Project("{FAE04EC0-301F-11D3-BF4B-00C04F79EFBC}") = "Unity.Services.Core.Analytics", "Unity.Services.Core.Analytics.Player.csproj", "{7e250eca-bafc-60a3-911f-2b1d5e422da3}"
EndProject
Project("{FAE04EC0-301F-11D3-BF4B-00C04F79EFBC}") = "Unity.Services.Core.Scheduler", "Unity.Services.Core.Scheduler.Player.csproj", "{708cc386-35f7-31a0-a21a-a93fe7b22287}"
EndProject
Project("{FAE04EC0-301F-11D3-BF4B-00C04F79EFBC}") = "Unity.Services.Core.Registration", "Unity.Services.Core.Registration.Player.csproj", "{e4c64c11-5e8a-1c8b-5092-fe2748500d86}"
EndProject
Project("{FAE04EC0-301F-11D3-BF4B-00C04F79EFBC}") = "Unity.Services.Core.Device", "Unity.Services.Core.Device.Player.csproj", "{574698e8-c674-0f02-19b1-1dda0c153949}"
EndProject
Project("{FAE04EC0-301F-11D3-BF4B-00C04F79EFBC}") = "Unity.Services.Core.Threading", "Unity.Services.Core.Threading.Player.csproj", "{d2520e7b-3b13-142c-1f4d-d956280188da}"
EndProject
Project("{FAE04EC0-301F-11D3-BF4B-00C04F79EFBC}") = "Unity.Services.Core.Networking", "Unity.Services.Core.Networking.Player.csproj", "{505d73a8-b377-80ee-0000-2983c5974e08}"
EndProject
Project("{FAE04EC0-301F-11D3-BF4B-00C04F79EFBC}") = "Unity.Services.Core.Configuration", "Unity.Services.Core.Configuration.Player.csproj", "{60502664-67c0-5cdc-6093-1ec20a6b34c5}"
EndProject
Project("{FAE04EC0-301F-11D3-BF4B-00C04F79EFBC}") = "Assembly-CSharp", "Assembly-CSharp.Player.csproj", "{23f01d77-b271-299c-ce77-570884d4e87b}"
EndProject
Project("{FAE04EC0-301F-11D3-BF4B-00C04F79EFBC}") = "Unity.PlasticSCM.EditorTests", "Unity.PlasticSCM.EditorTests.csproj", "{b7b5b5b3-bd98-aba0-7317-f906e325a949}"
EndProject
Project("{FAE04EC0-301F-11D3-BF4B-00C04F79EFBC}") = "Unity.TestTools.CodeCoverage.Editor.Compatibility", "Unity.TestTools.CodeCoverage.Editor.Compatibility.csproj", "{34526437-dbb3-a105-92cf-576907c1c0ef}"
EndProject
Project("{FAE04EC0-301F-11D3-BF4B-00C04F79EFBC}") = "Unity.TextMeshPro.Editor.Tests", "Unity.TextMeshPro.Editor.Tests.csproj", "{2cdcb196-f872-bbfc-877b-2944625e3a90}"
EndProject
Project("{FAE04EC0-301F-11D3-BF4B-00C04F79EFBC}") = "DocCodeExamples", "DocCodeExamples.csproj", "{8cc20dff-b7c8-8964-f062-03ff73694940}"
EndProject
Project("{FAE04EC0-301F-11D3-BF4B-00C04F79EFBC}") = "Unity.Performance.Profile-Analyzer.EditorTests", "Unity.Performance.Profile-Analyzer.EditorTests.csproj", "{ad0e02f6-241d-c3ef-230d-1edff1bfedfa}"
EndProject
Project("{FAE04EC0-301F-11D3-BF4B-00C04F79EFBC}") = "Unity.CollabProxy.EditorTests", "Unity.CollabProxy.EditorTests.csproj", "{c551001c-fcc6-3f3c-427e-b3e20204abcb}"
EndProject
Project("{FAE04EC0-301F-11D3-BF4B-00C04F79EFBC}") = "Unity.Settings.Tests", "Unity.Settings.Tests.csproj", "{5d5a3a8b-0337-02e2-0214-d787574f1eca}"
EndProject
Project("{FAE04EC0-301F-11D3-BF4B-00C04F79EFBC}") = "UnityEngine.UI.Tests", "UnityEngine.UI.Tests.csproj", "{af1dafd1-bf6a-ec19-76fd-cc01e1f2aede}"
EndProject
Project("{FAE04EC0-301F-11D3-BF4B-00C04F79EFBC}") = "Unity.TextMeshPro.Tests", "Unity.TextMeshPro.Tests.csproj", "{ebfbc08c-d3f3-cd23-5585-371a07f580b2}"
EndProject
Project("{FAE04EC0-301F-11D3-BF4B-00C04F79EFBC}") = "UnityEditor.UI.EditorTests", "UnityEditor.UI.EditorTests.csproj", "{9488c87c-7bcb-98d1-ae7f-e21a1365e8b6}"
EndProject
Global
	GlobalSection(SolutionConfigurationPlatforms) = preSolution
		Debug|Any CPU = Debug|Any CPU
	EndGlobalSection
	GlobalSection(ProjectConfigurationPlatforms) = postSolution
		{9710d6e0-1be6-9bd9-0242-f0dcecf2c3ae}.Debug|Any CPU.ActiveCfg = Debug|Any CPU
		{9710d6e0-1be6-9bd9-0242-f0dcecf2c3ae}.Debug|Any CPU.Build.0 = Debug|Any CPU
		{b0bd6258-f10b-4724-9054-20b26d7047d3}.Debug|Any CPU.ActiveCfg = Debug|Any CPU
		{b0bd6258-f10b-4724-9054-20b26d7047d3}.Debug|Any CPU.Build.0 = Debug|Any CPU
		{cad333ea-dd7f-09bd-c6a9-4c0e43b70e69}.Debug|Any CPU.ActiveCfg = Debug|Any CPU
		{cad333ea-dd7f-09bd-c6a9-4c0e43b70e69}.Debug|Any CPU.Build.0 = Debug|Any CPU
		{101cfdf9-bec3-540a-a2a4-97ed8bfd5633}.Debug|Any CPU.ActiveCfg = Debug|Any CPU
		{101cfdf9-bec3-540a-a2a4-97ed8bfd5633}.Debug|Any CPU.Build.0 = Debug|Any CPU
		{caff7111-68f9-3a1b-8f67-b8cc26db5ea3}.Debug|Any CPU.ActiveCfg = Debug|Any CPU
		{caff7111-68f9-3a1b-8f67-b8cc26db5ea3}.Debug|Any CPU.Build.0 = Debug|Any CPU
		{5b15f3fa-2a19-4812-064c-991fa38fe1ab}.Debug|Any CPU.ActiveCfg = Debug|Any CPU
		{5b15f3fa-2a19-4812-064c-991fa38fe1ab}.Debug|Any CPU.Build.0 = Debug|Any CPU
		{3f4fff16-e089-ee96-0947-23f67b7a9dbe}.Debug|Any CPU.ActiveCfg = Debug|Any CPU
		{3f4fff16-e089-ee96-0947-23f67b7a9dbe}.Debug|Any CPU.Build.0 = Debug|Any CPU
		{d7a4e010-a7aa-d3cd-afd8-394c667a1adb}.Debug|Any CPU.ActiveCfg = Debug|Any CPU
		{d7a4e010-a7aa-d3cd-afd8-394c667a1adb}.Debug|Any CPU.Build.0 = Debug|Any CPU
		{6e942855-05ef-f3aa-264a-7cfd19b413dc}.Debug|Any CPU.ActiveCfg = Debug|Any CPU
		{6e942855-05ef-f3aa-264a-7cfd19b413dc}.Debug|Any CPU.Build.0 = Debug|Any CPU
		{fa5a819a-607a-7c46-09c3-e5dba04ac7b7}.Debug|Any CPU.ActiveCfg = Debug|Any CPU
		{fa5a819a-607a-7c46-09c3-e5dba04ac7b7}.Debug|Any CPU.Build.0 = Debug|Any CPU
		{d18ad4e2-e548-0f65-92cb-28b80161c03b}.Debug|Any CPU.ActiveCfg = Debug|Any CPU
		{d18ad4e2-e548-0f65-92cb-28b80161c03b}.Debug|Any CPU.Build.0 = Debug|Any CPU
		{da8ac1a6-fe3b-a993-a925-c5dd9f454e02}.Debug|Any CPU.ActiveCfg = Debug|Any CPU
		{da8ac1a6-fe3b-a993-a925-c5dd9f454e02}.Debug|Any CPU.Build.0 = Debug|Any CPU
		{db799d36-329e-f609-27bd-0c02c847664b}.Debug|Any CPU.ActiveCfg = Debug|Any CPU
		{db799d36-329e-f609-27bd-0c02c847664b}.Debug|Any CPU.Build.0 = Debug|Any CPU
		{44ce7bee-acb5-302a-37b2-56f913074a25}.Debug|Any CPU.ActiveCfg = Debug|Any CPU
		{44ce7bee-acb5-302a-37b2-56f913074a25}.Debug|Any CPU.Build.0 = Debug|Any CPU
		{17e8852a-9d1e-e9b2-980d-a7045e3eea60}.Debug|Any CPU.ActiveCfg = Debug|Any CPU
		{17e8852a-9d1e-e9b2-980d-a7045e3eea60}.Debug|Any CPU.Build.0 = Debug|Any CPU
		{cc94ffe7-c79f-75e1-6cd3-85612251e4b8}.Debug|Any CPU.ActiveCfg = Debug|Any CPU
		{cc94ffe7-c79f-75e1-6cd3-85612251e4b8}.Debug|Any CPU.Build.0 = Debug|Any CPU
		{dde5cc38-8ef2-b1ca-c397-45e4c6fecdb0}.Debug|Any CPU.ActiveCfg = Debug|Any CPU
		{dde5cc38-8ef2-b1ca-c397-45e4c6fecdb0}.Debug|Any CPU.Build.0 = Debug|Any CPU
		{5abc9822-f6a4-5ea3-4eff-ab97c6044155}.Debug|Any CPU.ActiveCfg = Debug|Any CPU
		{5abc9822-f6a4-5ea3-4eff-ab97c6044155}.Debug|Any CPU.Build.0 = Debug|Any CPU
		{bd4094ba-f137-86b8-b7ba-e445ea0cc3e7}.Debug|Any CPU.ActiveCfg = Debug|Any CPU
		{bd4094ba-f137-86b8-b7ba-e445ea0cc3e7}.Debug|Any CPU.Build.0 = Debug|Any CPU
		{db64c909-eaab-7eaa-cbe7-075c7ee024e7}.Debug|Any CPU.ActiveCfg = Debug|Any CPU
		{db64c909-eaab-7eaa-cbe7-075c7ee024e7}.Debug|Any CPU.Build.0 = Debug|Any CPU
		{1a26dd8e-1f0f-5e9d-73ff-1475c4011312}.Debug|Any CPU.ActiveCfg = Debug|Any CPU
		{1a26dd8e-1f0f-5e9d-73ff-1475c4011312}.Debug|Any CPU.Build.0 = Debug|Any CPU
		{b102b4e3-39b0-57aa-abe9-1120d05e2bfe}.Debug|Any CPU.ActiveCfg = Debug|Any CPU
		{b102b4e3-39b0-57aa-abe9-1120d05e2bfe}.Debug|Any CPU.Build.0 = Debug|Any CPU
		{1ac5724d-f124-8e03-977a-c8813916dece}.Debug|Any CPU.ActiveCfg = Debug|Any CPU
		{1ac5724d-f124-8e03-977a-c8813916dece}.Debug|Any CPU.Build.0 = Debug|Any CPU
		{283535f4-0e0e-33a2-a325-67defb80d39f}.Debug|Any CPU.ActiveCfg = Debug|Any CPU
		{283535f4-0e0e-33a2-a325-67defb80d39f}.Debug|Any CPU.Build.0 = Debug|Any CPU
		{8fa5ef8d-ef6b-ff76-b9a9-98ca0e7c48b2}.Debug|Any CPU.ActiveCfg = Debug|Any CPU
		{8fa5ef8d-ef6b-ff76-b9a9-98ca0e7c48b2}.Debug|Any CPU.Build.0 = Debug|Any CPU
		{86bd3b2d-3c72-e54a-6cc5-81bdcb39f53e}.Debug|Any CPU.ActiveCfg = Debug|Any CPU
		{86bd3b2d-3c72-e54a-6cc5-81bdcb39f53e}.Debug|Any CPU.Build.0 = Debug|Any CPU
		{e4f171fd-9226-67f8-d61e-de4159d76ff3}.Debug|Any CPU.ActiveCfg = Debug|Any CPU
		{e4f171fd-9226-67f8-d61e-de4159d76ff3}.Debug|Any CPU.Build.0 = Debug|Any CPU
		{6d64a48f-16d1-a0a3-4494-6a1e5f3feda4}.Debug|Any CPU.ActiveCfg = Debug|Any CPU
		{6d64a48f-16d1-a0a3-4494-6a1e5f3feda4}.Debug|Any CPU.Build.0 = Debug|Any CPU
		{014e022e-16cd-48b1-f2fb-031686e0c320}.Debug|Any CPU.ActiveCfg = Debug|Any CPU
		{014e022e-16cd-48b1-f2fb-031686e0c320}.Debug|Any CPU.Build.0 = Debug|Any CPU
		{dd6eaf9f-4fc6-14e0-fcba-3ea906965e2b}.Debug|Any CPU.ActiveCfg = Debug|Any CPU
		{dd6eaf9f-4fc6-14e0-fcba-3ea906965e2b}.Debug|Any CPU.Build.0 = Debug|Any CPU
		{6960eda9-10ea-f6d1-331a-880dae18e4be}.Debug|Any CPU.ActiveCfg = Debug|Any CPU
		{6960eda9-10ea-f6d1-331a-880dae18e4be}.Debug|Any CPU.Build.0 = Debug|Any CPU
		{a7075cf8-7c4c-557c-f10d-499314822893}.Debug|Any CPU.ActiveCfg = Debug|Any CPU
		{a7075cf8-7c4c-557c-f10d-499314822893}.Debug|Any CPU.Build.0 = Debug|Any CPU
		{cf75e61b-49c3-1a13-4efa-4038494c547b}.Debug|Any CPU.ActiveCfg = Debug|Any CPU
		{cf75e61b-49c3-1a13-4efa-4038494c547b}.Debug|Any CPU.Build.0 = Debug|Any CPU
		{32aa6195-0532-231c-c9ca-41ab5fe6099d}.Debug|Any CPU.ActiveCfg = Debug|Any CPU
		{32aa6195-0532-231c-c9ca-41ab5fe6099d}.Debug|Any CPU.Build.0 = Debug|Any CPU
		{5cb2a86b-1984-c11e-29a1-a6d21413c79a}.Debug|Any CPU.ActiveCfg = Debug|Any CPU
		{5cb2a86b-1984-c11e-29a1-a6d21413c79a}.Debug|Any CPU.Build.0 = Debug|Any CPU
		{1d9446cd-49c1-3499-bf82-f5b4e69af839}.Debug|Any CPU.ActiveCfg = Debug|Any CPU
		{1d9446cd-49c1-3499-bf82-f5b4e69af839}.Debug|Any CPU.Build.0 = Debug|Any CPU
		{a27821e4-57fd-4d5d-46ea-3b32817583d1}.Debug|Any CPU.ActiveCfg = Debug|Any CPU
		{a27821e4-57fd-4d5d-46ea-3b32817583d1}.Debug|Any CPU.Build.0 = Debug|Any CPU
		{8182557e-044a-c006-a726-77a58e662f86}.Debug|Any CPU.ActiveCfg = Debug|Any CPU
		{8182557e-044a-c006-a726-77a58e662f86}.Debug|Any CPU.Build.0 = Debug|Any CPU
		{5bc52755-3084-1040-635f-b7c7720b5b3e}.Debug|Any CPU.ActiveCfg = Debug|Any CPU
		{5bc52755-3084-1040-635f-b7c7720b5b3e}.Debug|Any CPU.Build.0 = Debug|Any CPU
		{5fb7cf01-bb55-a5f9-6ceb-0ef2d87e9d3c}.Debug|Any CPU.ActiveCfg = Debug|Any CPU
		{5fb7cf01-bb55-a5f9-6ceb-0ef2d87e9d3c}.Debug|Any CPU.Build.0 = Debug|Any CPU
		{a3e8fb21-7262-6d21-550c-c1acfb214c10}.Debug|Any CPU.ActiveCfg = Debug|Any CPU
		{a3e8fb21-7262-6d21-550c-c1acfb214c10}.Debug|Any CPU.Build.0 = Debug|Any CPU
		{01518e14-8605-e4e4-b788-515601fd743d}.Debug|Any CPU.ActiveCfg = Debug|Any CPU
		{01518e14-8605-e4e4-b788-515601fd743d}.Debug|Any CPU.Build.0 = Debug|Any CPU
		{27a48091-cfe1-890f-cc45-e4b658325136}.Debug|Any CPU.ActiveCfg = Debug|Any CPU
		{27a48091-cfe1-890f-cc45-e4b658325136}.Debug|Any CPU.Build.0 = Debug|Any CPU
		{14efb151-3cbf-322c-8fa6-5b6339453d7b}.Debug|Any CPU.ActiveCfg = Debug|Any CPU
		{14efb151-3cbf-322c-8fa6-5b6339453d7b}.Debug|Any CPU.Build.0 = Debug|Any CPU
		{78ccbb05-0d54-b49d-637e-cdba6e0786ba}.Debug|Any CPU.ActiveCfg = Debug|Any CPU
		{78ccbb05-0d54-b49d-637e-cdba6e0786ba}.Debug|Any CPU.Build.0 = Debug|Any CPU
		{bdf6f75f-54ef-5299-2b03-370f06443234}.Debug|Any CPU.ActiveCfg = Debug|Any CPU
		{bdf6f75f-54ef-5299-2b03-370f06443234}.Debug|Any CPU.Build.0 = Debug|Any CPU
		{99d57f0c-46d0-0523-aa2a-f94be80b27a6}.Debug|Any CPU.ActiveCfg = Debug|Any CPU
		{99d57f0c-46d0-0523-aa2a-f94be80b27a6}.Debug|Any CPU.Build.0 = Debug|Any CPU
		{4d65e816-dbb3-1c6d-ac0e-e84ab311aaff}.Debug|Any CPU.ActiveCfg = Debug|Any CPU
		{4d65e816-dbb3-1c6d-ac0e-e84ab311aaff}.Debug|Any CPU.Build.0 = Debug|Any CPU
		{24813358-86f2-eb19-f296-28acf0430f32}.Debug|Any CPU.ActiveCfg = Debug|Any CPU
		{24813358-86f2-eb19-f296-28acf0430f32}.Debug|Any CPU.Build.0 = Debug|Any CPU
		{56670c82-436e-9f44-9894-8c585479187c}.Debug|Any CPU.ActiveCfg = Debug|Any CPU
		{56670c82-436e-9f44-9894-8c585479187c}.Debug|Any CPU.Build.0 = Debug|Any CPU
		{e0fc8c99-9498-1c18-48bf-eaf6a3211e5d}.Debug|Any CPU.ActiveCfg = Debug|Any CPU
		{e0fc8c99-9498-1c18-48bf-eaf6a3211e5d}.Debug|Any CPU.Build.0 = Debug|Any CPU
		{830ecf21-b809-f115-333f-de8ee7c43dcc}.Debug|Any CPU.ActiveCfg = Debug|Any CPU
		{830ecf21-b809-f115-333f-de8ee7c43dcc}.Debug|Any CPU.Build.0 = Debug|Any CPU
		{836a7e9c-e9a5-f50d-27b7-e73b149e3385}.Debug|Any CPU.ActiveCfg = Debug|Any CPU
		{836a7e9c-e9a5-f50d-27b7-e73b149e3385}.Debug|Any CPU.Build.0 = Debug|Any CPU
		{0f277ecf-efbc-23aa-0975-bea21fdc4abd}.Debug|Any CPU.ActiveCfg = Debug|Any CPU
		{0f277ecf-efbc-23aa-0975-bea21fdc4abd}.Debug|Any CPU.Build.0 = Debug|Any CPU
		{7e250eca-bafc-60a3-911f-2b1d5e422da3}.Debug|Any CPU.ActiveCfg = Debug|Any CPU
		{7e250eca-bafc-60a3-911f-2b1d5e422da3}.Debug|Any CPU.Build.0 = Debug|Any CPU
		{708cc386-35f7-31a0-a21a-a93fe7b22287}.Debug|Any CPU.ActiveCfg = Debug|Any CPU
		{708cc386-35f7-31a0-a21a-a93fe7b22287}.Debug|Any CPU.Build.0 = Debug|Any CPU
		{e4c64c11-5e8a-1c8b-5092-fe2748500d86}.Debug|Any CPU.ActiveCfg = Debug|Any CPU
		{e4c64c11-5e8a-1c8b-5092-fe2748500d86}.Debug|Any CPU.Build.0 = Debug|Any CPU
		{574698e8-c674-0f02-19b1-1dda0c153949}.Debug|Any CPU.ActiveCfg = Debug|Any CPU
		{574698e8-c674-0f02-19b1-1dda0c153949}.Debug|Any CPU.Build.0 = Debug|Any CPU
		{d2520e7b-3b13-142c-1f4d-d956280188da}.Debug|Any CPU.ActiveCfg = Debug|Any CPU
		{d2520e7b-3b13-142c-1f4d-d956280188da}.Debug|Any CPU.Build.0 = Debug|Any CPU
		{505d73a8-b377-80ee-0000-2983c5974e08}.Debug|Any CPU.ActiveCfg = Debug|Any CPU
		{505d73a8-b377-80ee-0000-2983c5974e08}.Debug|Any CPU.Build.0 = Debug|Any CPU
		{60502664-67c0-5cdc-6093-1ec20a6b34c5}.Debug|Any CPU.ActiveCfg = Debug|Any CPU
		{60502664-67c0-5cdc-6093-1ec20a6b34c5}.Debug|Any CPU.Build.0 = Debug|Any CPU
		{23f01d77-b271-299c-ce77-570884d4e87b}.Debug|Any CPU.ActiveCfg = Debug|Any CPU
		{23f01d77-b271-299c-ce77-570884d4e87b}.Debug|Any CPU.Build.0 = Debug|Any CPU
		{b7b5b5b3-bd98-aba0-7317-f906e325a949}.Debug|Any CPU.ActiveCfg = Debug|Any CPU
		{b7b5b5b3-bd98-aba0-7317-f906e325a949}.Debug|Any CPU.Build.0 = Debug|Any CPU
		{34526437-dbb3-a105-92cf-576907c1c0ef}.Debug|Any CPU.ActiveCfg = Debug|Any CPU
		{34526437-dbb3-a105-92cf-576907c1c0ef}.Debug|Any CPU.Build.0 = Debug|Any CPU
		{2cdcb196-f872-bbfc-877b-2944625e3a90}.Debug|Any CPU.ActiveCfg = Debug|Any CPU
		{2cdcb196-f872-bbfc-877b-2944625e3a90}.Debug|Any CPU.Build.0 = Debug|Any CPU
		{8cc20dff-b7c8-8964-f062-03ff73694940}.Debug|Any CPU.ActiveCfg = Debug|Any CPU
		{8cc20dff-b7c8-8964-f062-03ff73694940}.Debug|Any CPU.Build.0 = Debug|Any CPU
		{ad0e02f6-241d-c3ef-230d-1edff1bfedfa}.Debug|Any CPU.ActiveCfg = Debug|Any CPU
		{ad0e02f6-241d-c3ef-230d-1edff1bfedfa}.Debug|Any CPU.Build.0 = Debug|Any CPU
		{c551001c-fcc6-3f3c-427e-b3e20204abcb}.Debug|Any CPU.ActiveCfg = Debug|Any CPU
		{c551001c-fcc6-3f3c-427e-b3e20204abcb}.Debug|Any CPU.Build.0 = Debug|Any CPU
		{5d5a3a8b-0337-02e2-0214-d787574f1eca}.Debug|Any CPU.ActiveCfg = Debug|Any CPU
		{5d5a3a8b-0337-02e2-0214-d787574f1eca}.Debug|Any CPU.Build.0 = Debug|Any CPU
		{af1dafd1-bf6a-ec19-76fd-cc01e1f2aede}.Debug|Any CPU.ActiveCfg = Debug|Any CPU
		{af1dafd1-bf6a-ec19-76fd-cc01e1f2aede}.Debug|Any CPU.Build.0 = Debug|Any CPU
		{ebfbc08c-d3f3-cd23-5585-371a07f580b2}.Debug|Any CPU.ActiveCfg = Debug|Any CPU
		{ebfbc08c-d3f3-cd23-5585-371a07f580b2}.Debug|Any CPU.Build.0 = Debug|Any CPU
		{9488c87c-7bcb-98d1-ae7f-e21a1365e8b6}.Debug|Any CPU.ActiveCfg = Debug|Any CPU
		{9488c87c-7bcb-98d1-ae7f-e21a1365e8b6}.Debug|Any CPU.Build.0 = Debug|Any CPU
	EndGlobalSection
	GlobalSection(SolutionProperties) = preSolution
		HideSolutionNode = FALSE
	EndGlobalSection
EndGlobal
